{
    "_readme": [
        "This file locks the dependencies of your project to a known state",
        "Read more about it at https://getcomposer.org/doc/01-basic-usage.md#installing-dependencies",
        "This file is @generated automatically"
    ],
    "content-hash": "ac92f4d6936620e40c936eea27c68378",
    "packages": [
        {
            "name": "phpstan/phpstan",
            "version": "2.1.8",
            "source": {
                "type": "git",
                "url": "https://github.com/phpstan/phpstan.git",
                "reference": "f9adff3b87c03b12cc7e46a30a524648e497758f"
            },
            "dist": {
                "type": "zip",
                "url": "https://api.github.com/repos/phpstan/phpstan/zipball/f9adff3b87c03b12cc7e46a30a524648e497758f",
                "reference": "f9adff3b87c03b12cc7e46a30a524648e497758f",
                "shasum": ""
            },
            "require": {
                "php": "^7.4|^8.0"
            },
            "conflict": {
                "phpstan/phpstan-shim": "*"
            },
            "bin": [
                "phpstan",
                "phpstan.phar"
            ],
            "type": "library",
            "autoload": {
                "files": [
                    "bootstrap.php"
                ]
            },
            "notification-url": "https://packagist.org/downloads/",
            "license": [
                "MIT"
            ],
            "description": "PHPStan - PHP Static Analysis Tool",
            "keywords": [
                "dev",
                "static analysis"
            ],
            "support": {
                "docs": "https://phpstan.org/user-guide/getting-started",
                "forum": "https://github.com/phpstan/phpstan/discussions",
                "issues": "https://github.com/phpstan/phpstan/issues",
                "security": "https://github.com/phpstan/phpstan/security/policy",
                "source": "https://github.com/phpstan/phpstan-src"
            },
            "funding": [
                {
                    "url": "https://github.com/ondrejmirtes",
                    "type": "github"
                },
                {
                    "url": "https://github.com/phpstan",
                    "type": "github"
                }
            ],
            "time": "2025-03-09T09:30:48+00:00"
        }
    ],
    "packages-dev": [
        {
            "name": "headercat/phpstan-extension-ide-helper",
            "version": "2.1.8",
            "source": {
                "type": "git",
                "url": "https://github.com/headercat/phpstan-extension-ide-helper.git",
                "reference": "c6d6a4a86551eabac8f80124df2c30d78200e52e"
            },
            "dist": {
                "type": "zip",
                "url": "https://api.github.com/repos/headercat/phpstan-extension-ide-helper/zipball/c6d6a4a86551eabac8f80124df2c30d78200e52e",
                "reference": "c6d6a4a86551eabac8f80124df2c30d78200e52e",
                "shasum": ""
            },
            "require": {
                "phpstan/php-8-stubs": "0.4.11",
                "phpstan/phpdoc-parser": "2.1.0",
                "phpstan/phpstan": "^2.1.8"
            },
            "type": "library",
            "notification-url": "https://packagist.org/downloads/",
            "license": [
                "MIT"
            ],
            "description": "PHPStan extension IDE helper, provides dummy PHPStan namespace classes and functions.",
            "support": {
                "issues": "https://github.com/headercat/phpstan-extension-ide-helper/issues",
                "source": "https://github.com/headercat/phpstan-extension-ide-helper/tree/2.1.8"
            },
            "time": "2025-03-09T09:59:03+00:00"
        },
        {
            "name": "phpstan/php-8-stubs",
            "version": "0.4.11",
            "source": {
                "type": "git",
                "url": "https://github.com/phpstan/php-8-stubs.git",
                "reference": "8b29105305d85fa440ae0bce1d4d83fcdf5b47ca"
            },
            "dist": {
                "type": "zip",
                "url": "https://api.github.com/repos/phpstan/php-8-stubs/zipball/8b29105305d85fa440ae0bce1d4d83fcdf5b47ca",
                "reference": "8b29105305d85fa440ae0bce1d4d83fcdf5b47ca",
                "shasum": ""
            },
            "type": "library",
            "autoload": {
                "classmap": [
                    "Php8StubsMap.php"
                ]
            },
            "notification-url": "https://packagist.org/downloads/",
            "license": [
                "MIT",
                "PHP-3.01"
            ],
            "description": "PHP stubs extracted from php-src",
            "support": {
                "issues": "https://github.com/phpstan/php-8-stubs/issues",
                "source": "https://github.com/phpstan/php-8-stubs/tree/0.4.11"
            },
            "time": "2025-02-12T00:19:27+00:00"
        },
        {
            "name": "phpstan/phpdoc-parser",
            "version": "2.1.0",
            "source": {
                "type": "git",
                "url": "https://github.com/phpstan/phpdoc-parser.git",
                "reference": "9b30d6fd026b2c132b3985ce6b23bec09ab3aa68"
            },
            "dist": {
                "type": "zip",
                "url": "https://api.github.com/repos/phpstan/phpdoc-parser/zipball/9b30d6fd026b2c132b3985ce6b23bec09ab3aa68",
                "reference": "9b30d6fd026b2c132b3985ce6b23bec09ab3aa68",
                "shasum": ""
            },
            "require": {
                "php": "^7.4 || ^8.0"
            },
            "require-dev": {
                "doctrine/annotations": "^2.0",
                "nikic/php-parser": "^5.3.0",
                "php-parallel-lint/php-parallel-lint": "^1.2",
                "phpstan/extension-installer": "^1.0",
                "phpstan/phpstan": "^2.0",
                "phpstan/phpstan-phpunit": "^2.0",
                "phpstan/phpstan-strict-rules": "^2.0",
                "phpunit/phpunit": "^9.6",
                "symfony/process": "^5.2"
            },
            "type": "library",
            "autoload": {
                "psr-4": {
                    "PHPStan\\PhpDocParser\\": [
                        "src/"
                    ]
                }
            },
            "notification-url": "https://packagist.org/downloads/",
            "license": [
                "MIT"
            ],
            "description": "PHPDoc parser with support for nullable, intersection and generic types",
            "support": {
                "issues": "https://github.com/phpstan/phpdoc-parser/issues",
                "source": "https://github.com/phpstan/phpdoc-parser/tree/2.1.0"
            },
            "time": "2025-02-19T13:28:12+00:00"
        },
        {
            "name": "phpstan/phpstan-strict-rules",
            "version": "2.0.4",
            "source": {
                "type": "git",
                "url": "https://github.com/phpstan/phpstan-strict-rules.git",
                "reference": "3e139cbe67fafa3588e1dbe27ca50f31fdb6236a"
            },
            "dist": {
                "type": "zip",
                "url": "https://api.github.com/repos/phpstan/phpstan-strict-rules/zipball/3e139cbe67fafa3588e1dbe27ca50f31fdb6236a",
                "reference": "3e139cbe67fafa3588e1dbe27ca50f31fdb6236a",
                "shasum": ""
            },
            "require": {
                "php": "^7.4 || ^8.0",
                "phpstan/phpstan": "^2.0.4"
            },
            "require-dev": {
                "php-parallel-lint/php-parallel-lint": "^1.2",
                "phpstan/phpstan-deprecation-rules": "^2.0",
                "phpstan/phpstan-phpunit": "^2.0",
                "phpunit/phpunit": "^9.6"
            },
            "type": "phpstan-extension",
            "extra": {
                "phpstan": {
                    "includes": [
                        "rules.neon"
                    ]
                }
            },
            "autoload": {
                "psr-4": {
                    "PHPStan\\": "src/"
                }
            },
            "notification-url": "https://packagist.org/downloads/",
            "license": [
                "MIT"
            ],
            "description": "Extra strict and opinionated rules for PHPStan",
            "support": {
                "issues": "https://github.com/phpstan/phpstan-strict-rules/issues",
                "source": "https://github.com/phpstan/phpstan-strict-rules/tree/2.0.4"
            },
            "time": "2025-03-18T11:42:40+00:00"
        }
    ],
    "aliases": [],
    "minimum-stability": "stable",
    "stability-flags": {},
    "prefer-stable": false,
    "prefer-lowest": false,
    "platform": {},
    "platform-dev": {
        "php": "^8.2"
    },
    "plugin-api-version": "2.6.0"
}
